
Microsoft Visual Studio Solution File, Format Version 12.00
# Visual Studio Version 17
VisualStudioVersion = 17.1.32228.430
MinimumVisualStudioVersion = 10.0.40219.1
Project("{FAE04EC0-301F-11D3-BF4B-00C04F79EFBC}") = "UserRegistration", "UserRegistration\UserRegistration.csproj", "{1BD08E77-605D-4295-A18D-EE50E6D243EC}"
EndProject
Project("{FAE04EC0-301F-11D3-BF4B-00C04F79EFBC}") = "UserRegistrationTest", "UserRegistrationTest\UserRegistrationTest.csproj", "{39C611F7-AD16-4E96-BCE7-458FAAAB147D}"
EndProject
Global
	GlobalSection(SolutionConfigurationPlatforms) = preSolution
		Debug|Any CPU = Debug|Any CPU
		Release|Any CPU = Release|Any CPU
	EndGlobalSection
	GlobalSection(ProjectConfigurationPlatforms) = postSolution
		{1BD08E77-605D-4295-A18D-EE50E6D243EC}.Debug|Any CPU.ActiveCfg = Debug|Any CPU
		{1BD08E77-605D-4295-A18D-EE50E6D243EC}.Debug|Any CPU.Build.0 = Debug|Any CPU
		{1BD08E77-605D-4295-A18D-EE50E6D243EC}.Release|Any CPU.ActiveCfg = Release|Any CPU
		{1BD08E77-605D-4295-A18D-EE50E6D243EC}.Release|Any CPU.Build.0 = Release|Any CPU
		{39C611F7-AD16-4E96-BCE7-458FAAAB147D}.Debug|Any CPU.ActiveCfg = Debug|Any CPU
		{39C611F7-AD16-4E96-BCE7-458FAAAB147D}.Debug|Any CPU.Build.0 = Debug|Any CPU
		{39C611F7-AD16-4E96-BCE7-458FAAAB147D}.Release|Any CPU.ActiveCfg = Release|Any CPU
		{39C611F7-AD16-4E96-BCE7-458FAAAB147D}.Release|Any CPU.Build.0 = Release|Any CPU
	EndGlobalSection
	GlobalSection(SolutionProperties) = preSolution
		HideSolutionNode = FALSE
	EndGlobalSection
	GlobalSection(ExtensibilityGlobals) = postSolution
		SolutionGuid = {A6D56530-A2EB-4C96-9378-5EE78F6C8515}
	EndGlobalSection
EndGlobal
