
Microsoft Visual Studio Solution File, Format Version 12.00
# Visual Studio Version 17
VisualStudioVersion = 17.1.32228.430
MinimumVisualStudioVersion = 10.0.40219.1
Project("{FAE04EC0-301F-11D3-BF4B-00C04F79EFBC}") = "MoodAnalyser", "MoodAnalyser\MoodAnalyser.csproj", "{008AB03A-331A-415E-8778-4DE457FF611D}"
EndProject
Project("{FAE04EC0-301F-11D3-BF4B-00C04F79EFBC}") = "UnitTestForMoodAnalyser", "UnitTestForMoodAnalyser\UnitTestForMoodAnalyser.csproj", "{7763D3D8-CFD1-43F6-8DF7-5FA224F4CA5C}"
EndProject
Global
	GlobalSection(SolutionConfigurationPlatforms) = preSolution
		Debug|Any CPU = Debug|Any CPU
		Release|Any CPU = Release|Any CPU
	EndGlobalSection
	GlobalSection(ProjectConfigurationPlatforms) = postSolution
		{008AB03A-331A-415E-8778-4DE457FF611D}.Debug|Any CPU.ActiveCfg = Debug|Any CPU
		{008AB03A-331A-415E-8778-4DE457FF611D}.Debug|Any CPU.Build.0 = Debug|Any CPU
		{008AB03A-331A-415E-8778-4DE457FF611D}.Release|Any CPU.ActiveCfg = Release|Any CPU
		{008AB03A-331A-415E-8778-4DE457FF611D}.Release|Any CPU.Build.0 = Release|Any CPU
		{7763D3D8-CFD1-43F6-8DF7-5FA224F4CA5C}.Debug|Any CPU.ActiveCfg = Debug|Any CPU
		{7763D3D8-CFD1-43F6-8DF7-5FA224F4CA5C}.Debug|Any CPU.Build.0 = Debug|Any CPU
		{7763D3D8-CFD1-43F6-8DF7-5FA224F4CA5C}.Release|Any CPU.ActiveCfg = Release|Any CPU
		{7763D3D8-CFD1-43F6-8DF7-5FA224F4CA5C}.Release|Any CPU.Build.0 = Release|Any CPU
	EndGlobalSection
	GlobalSection(SolutionProperties) = preSolution
		HideSolutionNode = FALSE
	EndGlobalSection
	GlobalSection(ExtensibilityGlobals) = postSolution
		SolutionGuid = {3DC94B4F-E5AC-441C-9C7B-505FDDCD89DD}
	EndGlobalSection
EndGlobal
